#MicroXplorer Configuration settings - do not modify
ADC1.Channel-0\#ChannelRegularConversion=ADC_CHANNEL_8
ADC1.Channel-1\#ChannelRegularConversion=ADC_CHANNEL_9
ADC1.Channel-2\#ChannelRegularConversion=ADC_CHANNEL_14
ADC1.Channel-3\#ChannelRegularConversion=ADC_CHANNEL_15
ADC1.Channel-4\#ChannelRegularConversion=ADC_CHANNEL_10
ADC1.Channel-5\#ChannelRegularConversion=ADC_CHANNEL_4
ADC1.Channel-6\#ChannelRegularConversion=ADC_CHANNEL_TEMPSENSOR
ADC1.ContinuousConvMode=ENABLE
ADC1.DataAlign=ADC_DATAALIGN_RIGHT
ADC1.DiscontinuousConvMode=DISABLE
ADC1.EnableAnalogWatchDog=false
ADC1.EnableRegularConversion=ENABLE
ADC1.ExternalTrigConvEdgeChoice=NONE
ADC1.IPParameters=Rank-0\#ChannelRegularConversion,Channel-0\#ChannelRegularConversion,SamplingTime-0\#ChannelRegularConversion,NbrOfConversionFlag,Rank-1\#ChannelRegularConversion,Channel-1\#ChannelRegularConversion,SamplingTime-1\#ChannelRegularConversion,Rank-2\#ChannelRegularConversion,Channel-2\#ChannelRegularConversion,SamplingTime-2\#ChannelRegularConversion,Rank-3\#ChannelRegularConversion,Channel-3\#ChannelRegularConversion,SamplingTime-3\#ChannelRegularConversion,Rank-4\#ChannelRegularConversion,Channel-4\#ChannelRegularConversion,SamplingTime-4\#ChannelRegularConversion,Rank-5\#ChannelRegularConversion,Channel-5\#ChannelRegularConversion,SamplingTime-5\#ChannelRegularConversion,NbrOfConversion,ContinuousConvMode,DataAlign,ScanConvMode,DiscontinuousConvMode,EnableRegularConversion,ExternalTrigConvEdgeChoice,InjNumberOfConversion,EnableAnalogWatchDog,Rank-6\#ChannelRegularConversion,Channel-6\#ChannelRegularConversion,SamplingTime-6\#ChannelRegularConversion,master
ADC1.InjNumberOfConversion=0
ADC1.NbrOfConversion=7
ADC1.NbrOfConversionFlag=1
ADC1.Rank-0\#ChannelRegularConversion=1
ADC1.Rank-1\#ChannelRegularConversion=2
ADC1.Rank-2\#ChannelRegularConversion=3
ADC1.Rank-3\#ChannelRegularConversion=4
ADC1.Rank-4\#ChannelRegularConversion=5
ADC1.Rank-5\#ChannelRegularConversion=6
ADC1.Rank-6\#ChannelRegularConversion=7
ADC1.SamplingTime-0\#ChannelRegularConversion=ADC_SAMPLETIME_239CYCLES_5
ADC1.SamplingTime-1\#ChannelRegularConversion=ADC_SAMPLETIME_239CYCLES_5
ADC1.SamplingTime-2\#ChannelRegularConversion=ADC_SAMPLETIME_239CYCLES_5
ADC1.SamplingTime-3\#ChannelRegularConversion=ADC_SAMPLETIME_239CYCLES_5
ADC1.SamplingTime-4\#ChannelRegularConversion=ADC_SAMPLETIME_239CYCLES_5
ADC1.SamplingTime-5\#ChannelRegularConversion=ADC_SAMPLETIME_239CYCLES_5
ADC1.SamplingTime-6\#ChannelRegularConversion=ADC_SAMPLETIME_239CYCLES_5
ADC1.ScanConvMode=ADC_SCAN_ENABLE
ADC1.master=1
Dma.ADC1.0.Direction=DMA_PERIPH_TO_MEMORY
Dma.ADC1.0.Instance=DMA1_Channel1
Dma.ADC1.0.MemDataAlignment=DMA_MDATAALIGN_HALFWORD
Dma.ADC1.0.MemInc=DMA_MINC_ENABLE
Dma.ADC1.0.Mode=DMA_CIRCULAR
Dma.ADC1.0.PeriphDataAlignment=DMA_PDATAALIGN_HALFWORD
Dma.ADC1.0.PeriphInc=DMA_PINC_DISABLE
Dma.ADC1.0.Priority=DMA_PRIORITY_MEDIUM
Dma.ADC1.0.RequestParameters=Instance,Direction,PeriphInc,MemInc,PeriphDataAlignment,MemDataAlignment,Mode,Priority
Dma.Request0=ADC1
Dma.RequestsNb=1
ETH.IPParameters=MediaInterface
ETH.MediaInterface=ETH_MEDIA_INTERFACE_RMII
FREERTOS.IPParameters=Tasks01,configTOTAL_HEAP_SIZE,configCHECK_FOR_STACK_OVERFLOW
FREERTOS.Tasks01=defaultTask,0,128,StartDefaultTask;PWMTask,-2,128,PWMTaskBody;LEDTask,-2,128,LEDTaskBody
FREERTOS.configCHECK_FOR_STACK_OVERFLOW=2
FREERTOS.configTOTAL_HEAP_SIZE=25088
File.Version=6
KeepUserPlacement=false
LWIP.GATEWAY_ADDRESS=192.168.001.001
LWIP.IPParameters=LWIP_DHCP,IP_ADDRESS,NETMASK_ADDRESS,GATEWAY_ADDRESS,TCPIP_THREAD_PRIO,MEM_SIZE,TCPIP_MBOX_SIZE,PBUF_POOL_BUFSIZE,MEMP_NUM_TCP_PCB,MEMP_NUM_TCP_PCB_LISTEN
LWIP.IP_ADDRESS=192.168.001.030
LWIP.LWIP_DHCP=0
LWIP.MEMP_NUM_TCP_PCB=10
LWIP.MEMP_NUM_TCP_PCB_LISTEN=10
LWIP.MEM_SIZE=2000
LWIP.NETMASK_ADDRESS=255.255.255.000
LWIP.PBUF_POOL_BUFSIZE=592
LWIP.TCPIP_MBOX_SIZE=0
LWIP.TCPIP_THREAD_PRIO=1
LWIP.Version=v1.4.1_Cube
Mcu.Family=STM32F1
Mcu.IP0=ADC1
Mcu.IP1=DMA
Mcu.IP2=ETH
Mcu.IP3=FREERTOS
Mcu.IP4=LWIP
Mcu.IP5=NVIC
Mcu.IP6=RCC
Mcu.IP7=RTC
Mcu.IP8=SYS
Mcu.IP9=TIM3
Mcu.IPNb=10
Mcu.Name=STM32F107V(B-C)Tx
Mcu.Package=LQFP100
Mcu.Pin0=PE2
Mcu.Pin1=PE3
Mcu.Pin10=PA2
Mcu.Pin11=PA4
Mcu.Pin12=PC4
Mcu.Pin13=PC5
Mcu.Pin14=PB0
Mcu.Pin15=PB1
Mcu.Pin16=PE9
Mcu.Pin17=PE10
Mcu.Pin18=PE11
Mcu.Pin19=PE12
Mcu.Pin2=PE4
Mcu.Pin20=PE13
Mcu.Pin21=PE14
Mcu.Pin22=PB11
Mcu.Pin23=PB12
Mcu.Pin24=PB13
Mcu.Pin25=PD8
Mcu.Pin26=PD9
Mcu.Pin27=PD10
Mcu.Pin28=PD13
Mcu.Pin29=PC6
Mcu.Pin3=PE5
Mcu.Pin30=PC7
Mcu.Pin31=PC8
Mcu.Pin32=PA8
Mcu.Pin33=PA13
Mcu.Pin34=PA14
Mcu.Pin35=PA15
Mcu.Pin36=PD0
Mcu.Pin37=PD1
Mcu.Pin38=PD3
Mcu.Pin39=PD4
Mcu.Pin4=PE6
Mcu.Pin40=PD5
Mcu.Pin41=PD6
Mcu.Pin42=PD7
Mcu.Pin43=PB3
Mcu.Pin44=PB4
Mcu.Pin45=PB6
Mcu.Pin46=PE0
Mcu.Pin47=PE1
Mcu.Pin48=VP_ADC1_TempSens_Input
Mcu.Pin49=VP_FREERTOS_VS_ENABLE
Mcu.Pin5=OSC_IN
Mcu.Pin50=VP_LWIP_VS_Enabled
Mcu.Pin51=VP_RTC_No_RTC_Output
Mcu.Pin52=VP_SYS_VS_tim7
Mcu.Pin53=VP_TIM3_VS_ControllerModeTrigger
Mcu.Pin54=VP_TIM3_VS_ClockSourceINT
Mcu.Pin55=VP_TIM3_VS_OPM
Mcu.Pin6=OSC_OUT
Mcu.Pin7=PC0
Mcu.Pin8=PC1
Mcu.Pin9=PA1
Mcu.PinsNb=56
Mcu.UserConstants=
Mcu.UserName=STM32F107VCTx
MxCube.Version=4.14.0
MxDb.Version=DB.4.0.140
NVIC.BusFault_IRQn=true\:0\:0\:false\:false\:false\:false
NVIC.DMA1_Channel1_IRQn=true\:5\:0\:false\:false\:true\:true
NVIC.DebugMonitor_IRQn=true\:0\:0\:false\:false\:false\:false
NVIC.ETH_IRQn=true\:5\:0\:false\:false\:true\:true
NVIC.EXTI15_10_IRQn=true\:5\:0\:false\:false\:true\:true
NVIC.HardFault_IRQn=true\:0\:0\:false\:false\:false\:false
NVIC.MemoryManagement_IRQn=true\:0\:0\:false\:false\:false\:false
NVIC.NonMaskableInt_IRQn=true\:0\:0\:false\:false\:true\:false
NVIC.PriorityGroup=NVIC_PRIORITYGROUP_4
NVIC.SysTick_IRQn=true\:15\:0\:false\:false\:true\:true
NVIC.TIM7_IRQn=true\:0\:0\:false\:false\:true\:false
NVIC.TimeBase=TIM7_IRQn
NVIC.TimeBaseIP=TIM7
NVIC.UsageFault_IRQn=true\:0\:0\:false\:false\:false\:false
OSC_IN.Mode=HSE-External-Oscillator
OSC_IN.Signal=RCC_OSC_IN
OSC_OUT.Mode=HSE-External-Oscillator
OSC_OUT.Signal=RCC_OSC_OUT
PA1.Locked=true
PA1.Mode=RMII
PA1.Signal=ETH_REF_CLK
PA13.Mode=JTAG_5_pins
PA13.Signal=SYS_JTMS-SWDIO
PA14.Mode=JTAG_5_pins
PA14.Signal=SYS_JTCK-SWCLK
PA15.Mode=JTAG_5_pins
PA15.Signal=SYS_JTDI
PA2.Locked=true
PA2.Mode=RMII
PA2.Signal=ETH_MDIO
PA4.GPIOParameters=GPIO_Label
PA4.GPIO_Label=CURR_2
PA4.Locked=true
PA4.Signal=ADCx_IN4
PA8.GPIOParameters=GPIO_Speed
PA8.GPIO_Speed=GPIO_SPEED_HIGH
PA8.Mode=Clock-out
PA8.Signal=RCC_MCO
PB0.GPIOParameters=GPIO_Label
PB0.GPIO_Label=POT_1
PB0.Locked=true
PB0.Signal=ADCx_IN8
PB1.GPIOParameters=GPIO_Label
PB1.GPIO_Label=POT_2
PB1.Locked=true
PB1.Signal=ADCx_IN9
PB11.Locked=true
PB11.Mode=RMII
PB11.Signal=ETH_TX_EN
PB12.Locked=true
PB12.Mode=RMII
PB12.Signal=ETH_TXD0
PB13.Locked=true
PB13.Mode=RMII
PB13.Signal=ETH_TXD1
PB3.Mode=JTAG_5_pins
PB3.Signal=SYS_JTDO
PB4.Mode=JTAG_5_pins
PB4.Signal=SYS_NJTRST
PB6.GPIOParameters=GPIO_PuPd,GPIO_Label
PB6.GPIO_Label=FLASH_IO2
PB6.GPIO_PuPd=GPIO_PULLUP
PB6.Locked=true
PB6.Signal=GPIO_Input
PC0.GPIOParameters=GPIO_Label
PC0.GPIO_Label=CURR_1
PC0.Locked=true
PC0.Signal=ADCx_IN10
PC1.Locked=true
PC1.Mode=RMII
PC1.Signal=ETH_MDC
PC4.GPIOParameters=GPIO_Label
PC4.GPIO_Label=VOLT_1
PC4.Locked=true
PC4.Signal=ADCx_IN14
PC5.GPIOParameters=GPIO_Label
PC5.GPIO_Label=VOLT_2
PC5.Locked=true
PC5.Signal=ADCx_IN15
PC6.GPIOParameters=GPIO_Label
PC6.GPIO_Label=ZERO_DETECT
PC6.Signal=S_TIM3_CH1
PC7.GPIOParameters=GPIO_Speed,GPIO_Label
PC7.GPIO_Label=PWM_OUT_2
PC7.GPIO_Speed=GPIO_SPEED_HIGH
PC7.Locked=true
PC7.Signal=S_TIM3_CH2
PC8.GPIOParameters=GPIO_Speed,GPIO_Label
PC8.GPIO_Label=PWM_OUT_1
PC8.GPIO_Speed=GPIO_SPEED_HIGH
PC8.Locked=true
PC8.Signal=S_TIM3_CH3
PCC.Checker=false
PCC.Line=STM32F105/107
PCC.MCU=STM32F107V(B-C)Tx
PCC.MXVersion=4.15.0
PCC.PartNumber=STM32F107VCTx
PCC.Seq0=0
PCC.Series=STM32F1
PCC.Temperature=25
PCC.Vdd=3.3
PD0.GPIOParameters=GPIO_PuPd,GPIO_Label
PD0.GPIO_Label=FLASH_IO0
PD0.GPIO_PuPd=GPIO_PULLUP
PD0.Locked=true
PD0.Signal=GPIO_Input
PD1.GPIOParameters=GPIO_PuPd,GPIO_Label
PD1.GPIO_Label=FLASH_IO1
PD1.GPIO_PuPd=GPIO_PULLUP
PD1.Locked=true
PD1.Signal=GPIO_Input
PD10.Locked=true
PD10.Mode=RMII
PD10.Signal=ETH_RXD1
PD13.GPIOParameters=GPIO_Label,GPIO_ModeDefaultEXTI
PD13.GPIO_Label=DEFAULT_SWITCH
PD13.GPIO_ModeDefaultEXTI=GPIO_MODE_IT_RISING_FALLING
PD13.Locked=true
PD13.Signal=GPXTI13
PD3.GPIOParameters=GPIO_PuPd,GPIO_Label
PD3.GPIO_Label=FLASH_IO3
PD3.GPIO_PuPd=GPIO_PULLUP
PD3.Locked=true
PD3.Signal=GPIO_Input
PD4.GPIOParameters=GPIO_PuPd,GPIO_Label
PD4.GPIO_Label=FLASH_IO4
PD4.GPIO_PuPd=GPIO_PULLUP
PD4.Locked=true
PD4.Signal=GPIO_Input
PD5.GPIOParameters=GPIO_PuPd,GPIO_Label
PD5.GPIO_Label=FLASH_IO5
PD5.GPIO_PuPd=GPIO_PULLUP
PD5.Locked=true
PD5.Signal=GPIO_Input
PD6.GPIOParameters=GPIO_PuPd,GPIO_Label
PD6.GPIO_Label=FLASH_IO6
PD6.GPIO_PuPd=GPIO_PULLUP
PD6.Locked=true
PD6.Signal=GPIO_Input
PD7.GPIOParameters=GPIO_PuPd,GPIO_Label
PD7.GPIO_Label=FLASH_IO7
PD7.GPIO_PuPd=GPIO_PULLUP
PD7.Locked=true
PD7.Signal=GPIO_Input
PD8.Locked=true
PD8.Mode=RMII
PD8.Signal=ETH_CRS_DV
PD9.Locked=true
PD9.Mode=RMII
PD9.Signal=ETH_RXD0
PE0.GPIOParameters=GPIO_Label
PE0.GPIO_Label=FLASH_ALE
PE0.Locked=true
PE0.Signal=GPIO_Output
PE1.GPIOParameters=GPIO_Label
PE1.GPIO_Label=FLASH_CLE
PE1.Locked=true
PE1.Signal=GPIO_Output
PE10.GPIOParameters=GPIO_Speed,GPIO_Label,GPIO_ModeDefaultOutputPP
PE10.GPIO_Label=LED_24V
PE10.GPIO_ModeDefaultOutputPP=GPIO_MODE_OUTPUT_OD
PE10.GPIO_Speed=GPIO_SPEED_LOW
PE10.Locked=true
PE10.Signal=GPIO_Output
PE11.GPIOParameters=GPIO_Speed,GPIO_Label,GPIO_ModeDefaultOutputPP
PE11.GPIO_Label=LED_RUN
PE11.GPIO_ModeDefaultOutputPP=GPIO_MODE_OUTPUT_OD
PE11.GPIO_Speed=GPIO_SPEED_LOW
PE11.Locked=true
PE11.Signal=GPIO_Output
PE12.GPIOParameters=GPIO_Speed,GPIO_Label,GPIO_ModeDefaultOutputPP
PE12.GPIO_Label=LED_CH1
PE12.GPIO_ModeDefaultOutputPP=GPIO_MODE_OUTPUT_OD
PE12.GPIO_Speed=GPIO_SPEED_LOW
PE12.Locked=true
PE12.Signal=GPIO_Output
PE13.GPIOParameters=GPIO_Speed,GPIO_Label,GPIO_ModeDefaultOutputPP
PE13.GPIO_Label=LED_CH2
PE13.GPIO_ModeDefaultOutputPP=GPIO_MODE_OUTPUT_OD
PE13.GPIO_Speed=GPIO_SPEED_LOW
PE13.Locked=true
PE13.Signal=GPIO_Output
PE14.GPIOParameters=GPIO_Speed,GPIO_Label,GPIO_ModeDefaultOutputPP
PE14.GPIO_Label=LED_MODBUS
PE14.GPIO_ModeDefaultOutputPP=GPIO_MODE_OUTPUT_OD
PE14.GPIO_Speed=GPIO_SPEED_LOW
PE14.Locked=true
PE14.Signal=GPIO_Output
PE2.GPIOParameters=GPIO_Label
PE2.GPIO_Label=FLASH_WP
PE2.Locked=true
PE2.Signal=GPIO_Output
PE3.GPIOParameters=GPIO_Label
PE3.GPIO_Label=FLASH_RE
PE3.Locked=true
PE3.Signal=GPIO_Output
PE4.GPIOParameters=GPIO_Label
PE4.GPIO_Label=FLASH_WE
PE4.Locked=true
PE4.Signal=GPIO_Output
PE5.GPIOParameters=GPIO_PuPd,GPIO_Label
PE5.GPIO_Label=FLASH_R-B
PE5.GPIO_PuPd=GPIO_PULLUP
PE5.Locked=true
PE5.Signal=GPIO_Input
PE6.GPIOParameters=GPIO_Label
PE6.GPIO_Label=FLASH_CE
PE6.Locked=true
PE6.Signal=GPIO_Output
PE9.GPIOParameters=GPIO_Speed,GPIO_Label,GPIO_ModeDefaultOutputPP
PE9.GPIO_Label=LED_230V
PE9.GPIO_ModeDefaultOutputPP=GPIO_MODE_OUTPUT_OD
PE9.GPIO_Speed=GPIO_SPEED_LOW
PE9.Locked=true
PE9.Signal=GPIO_Output
ProjectManager.AskForMigrate=false
ProjectManager.BackupPrevious=false
ProjectManager.CompilerOptimize=2
ProjectManager.ComputerToolchain=false
ProjectManager.CoupleFile=false
ProjectManager.DeletePrevious=true
ProjectManager.DeviceId=STM32F107VCTx
ProjectManager.FirmwarePackage=STM32Cube FW_F1 V1.3.1
ProjectManager.FreePins=false
ProjectManager.HalAssertFull=false
ProjectManager.HeapSize=0x200
ProjectManager.KeepUserCode=true
ProjectManager.LastFirmware=true
ProjectManager.LibraryCopy=0
ProjectManager.PreviousToolchain=
ProjectManager.ProjectBuild=false
ProjectManager.ProjectFileName=Vibracon_FreeRTOS.ioc
ProjectManager.ProjectName=Vibracon_FreeRTOS
ProjectManager.StackSize=0x600
ProjectManager.TargetToolchain=SW4STM32
ProjectManager.ToolChainLocation=
ProjectManager.UnderRoot=false
ProjectManager.functionlistsort=1-MX_GPIO_Init-GPIO-false,2-MX_DMA_Init-DMA-false,3-MX_ADC1_Init-ADC1-false,4-MX_TIM3_Init-TIM3-false,5-MX_LWIP_Init-LWIP-false,6-MX_RTC_Init-RTC-false
RCC.ADCFreqValue=12000000
RCC.ADCPresc=RCC_ADCPCLK2_DIV6
RCC.AHBFreq_Value=72000000
RCC.APB1CLKDivider=RCC_HCLK_DIV2
RCC.APB1Freq_Value=36000000
RCC.APB1TimFreq_Value=72000000
RCC.APB2Freq_Value=72000000
RCC.APB2TimFreq_Value=72000000
RCC.EnbaleCSS=true
RCC.FCLKCortexFreq_Value=72000000
RCC.FamilyName=M
RCC.HCLKFreq_Value=72000000
RCC.HSEDivPLL=RCC_HSE_PREDIV_DIV5
RCC.HSE_VALUE=25000000
RCC.HSIState=RCC_HSI_ON
RCC.I2S2Freq_Value=72000000
RCC.I2S3Freq_Value=72000000
RCC.IPParameters=ADCFreqValue,ADCPresc,AHBFreq_Value,APB1CLKDivider,APB1Freq_Value,APB1TimFreq_Value,APB2Freq_Value,APB2TimFreq_Value,EnbaleCSS,FCLKCortexFreq_Value,FamilyName,HCLKFreq_Value,HSEDivPLL,HSE_VALUE,HSIState,I2S2Freq_Value,I2S3Freq_Value,MCOFreq_Value,PLL2CLKoutputFreqValue,PLL2VCOoutputFreqValue,PLL3CLKoutputFreqValue,PLL3Mul,PLL3VCOoutputFreqValue,PLLCLKFreq_Value,PLLMUL,PLLSourceVirtual,Prediv1Source,Prediv2,Prediv2FreqValue,RCC_MCOSource,RTCFreq_Value,SYSCLKFreq_VALUE,SYSCLKSource,TimSysFreq_Value,USBFreq_Value,VCOOutput2Freq_Value
RCC.MCOFreq_Value=50000000
RCC.PLL2CLKoutputFreqValue=40000000
RCC.PLL2VCOoutputFreqValue=80000000
RCC.PLL3CLKoutputFreqValue=50000000
RCC.PLL3Mul=RCC_PLLI2S_MUL10
RCC.PLL3VCOoutputFreqValue=100000000
RCC.PLLCLKFreq_Value=72000000
RCC.PLLMUL=RCC_PLL_MUL9
RCC.PLLSourceVirtual=RCC_PLLSOURCE_HSE
RCC.Prediv1Source=RCC_PREDIV1_SOURCE_PLL2
RCC.Prediv2=RCC_HSE_PREDIV2_DIV5
RCC.Prediv2FreqValue=5000000
RCC.RCC_MCOSource=RCC_MCO1SOURCE_PLL3CLK
RCC.RTCFreq_Value=40000
RCC.SYSCLKFreq_VALUE=72000000
RCC.SYSCLKSource=RCC_SYSCLKSOURCE_PLLCLK
RCC.TimSysFreq_Value=72000000
RCC.USBFreq_Value=48000000
RCC.VCOOutput2Freq_Value=8000000
RTC.Hours=12
RTC.IPParameters=Year,Month,WeekDay,Hours
RTC.Month=RTC_MONTH_JANUARY
RTC.WeekDay=RTC_WEEKDAY_MONDAY
RTC.Year=16
SH.ADCx_IN10.0=ADC1_IN10,IN10
SH.ADCx_IN10.ConfNb=1
SH.ADCx_IN14.0=ADC1_IN14,IN14
SH.ADCx_IN14.ConfNb=1
SH.ADCx_IN15.0=ADC1_IN15,IN15
SH.ADCx_IN15.ConfNb=1
SH.ADCx_IN4.0=ADC1_IN4,IN4
SH.ADCx_IN4.ConfNb=1
SH.ADCx_IN8.0=ADC1_IN8,IN8
SH.ADCx_IN8.ConfNb=1
SH.ADCx_IN9.0=ADC1_IN9,IN9
SH.ADCx_IN9.ConfNb=1
SH.GPXTI13.0=GPIO_EXTI13
SH.GPXTI13.ConfNb=1
SH.S_TIM3_CH1.0=TIM3_CH1,TriggerSource_TI1FP1
SH.S_TIM3_CH1.ConfNb=1
SH.S_TIM3_CH2.0=TIM3_CH2,PWM Generation2 CH2
SH.S_TIM3_CH2.ConfNb=1
SH.S_TIM3_CH3.0=TIM3_CH3,PWM Generation3 CH3
SH.S_TIM3_CH3.ConfNb=1
TIM3.Channel-PWM\ Generation2\ CH2=TIM_CHANNEL_2
TIM3.Channel-PWM\ Generation3\ CH3=TIM_CHANNEL_3
TIM3.IPParameters=Prescaler,Period,OCPolarity_2,OCPolarity_3,Slave_TriggerPolarity,Channel-PWM Generation2 CH2,Channel-PWM Generation3 CH3,OCMode_PWM-PWM Generation2 CH2,OCMode_PWM-PWM Generation3 CH3,Pulse-PWM Generation2 CH2,Pulse-PWM Generation3 CH3
TIM3.OCMode_PWM-PWM\ Generation2\ CH2=TIM_OCMODE_PWM2
TIM3.OCMode_PWM-PWM\ Generation3\ CH3=TIM_OCMODE_PWM2
TIM3.OCPolarity_2=TIM_OCPOLARITY_LOW
TIM3.OCPolarity_3=TIM_OCPOLARITY_LOW
TIM3.Period=64000
TIM3.Prescaler=21
TIM3.Pulse-PWM\ Generation2\ CH2=64001
TIM3.Pulse-PWM\ Generation3\ CH3=65001
TIM3.Slave_TriggerPolarity=TIM_TRIGGERPOLARITY_FALLING
VP_ADC1_TempSens_Input.Mode=IN-TempSens
VP_ADC1_TempSens_Input.Signal=ADC1_TempSens_Input
VP_FREERTOS_VS_ENABLE.Mode=Enabled
VP_FREERTOS_VS_ENABLE.Signal=FREERTOS_VS_ENABLE
VP_LWIP_VS_Enabled.Mode=Enabled
VP_LWIP_VS_Enabled.Signal=LWIP_VS_Enabled
VP_RTC_No_RTC_Output.Mode=RTC_OUT_NO
VP_RTC_No_RTC_Output.Signal=RTC_No_RTC_Output
VP_SYS_VS_tim7.Mode=TIM7
VP_SYS_VS_tim7.Signal=SYS_VS_tim7
VP_TIM3_VS_ClockSourceINT.Mode=Internal
VP_TIM3_VS_ClockSourceINT.Signal=TIM3_VS_ClockSourceINT
VP_TIM3_VS_ControllerModeTrigger.Mode=Trigger Mode
VP_TIM3_VS_ControllerModeTrigger.Signal=TIM3_VS_ControllerModeTrigger
VP_TIM3_VS_OPM.Mode=OPM_bit
VP_TIM3_VS_OPM.Signal=TIM3_VS_OPM
board=Vibracon_FreeRTOS
